// !$*UTF8*$!
{
	archiveVersion = 1;
	classes = {
	};
	objectVersion = 50;
	objects = {

/* Begin PBXBuildFile section */
		D7053DB12423E326002807CC /* AppDelegate.swift in Sources */ = {isa = PBXBuildFile; fileRef = D7053DB02423E326002807CC /* AppDelegate.swift */; };
		D7053DB52423E326002807CC /* ListViewController.swift in Sources */ = {isa = PBXBuildFile; fileRef = D7053DB42423E326002807CC /* ListViewController.swift */; };
		D7053DB82423E327002807CC /* Main.storyboard in Resources */ = {isa = PBXBuildFile; fileRef = D7053DB62423E327002807CC /* Main.storyboard */; };
		D7053DBA2423E328002807CC /* Assets.xcassets in Resources */ = {isa = PBXBuildFile; fileRef = D7053DB92423E328002807CC /* Assets.xcassets */; };
		D7053DBD2423E328002807CC /* LaunchScreen.storyboard in Resources */ = {isa = PBXBuildFile; fileRef = D7053DBB2423E328002807CC /* LaunchScreen.storyboard */; };
		D748E4772424644100B68598 /* DogNames.txt in Resources */ = {isa = PBXBuildFile; fileRef = D748E4762424644100B68598 /* DogNames.txt */; };
/* End PBXBuildFile section */

/* Begin PBXFileReference section */
		D7053DAD2423E326002807CC /* Unit Testing Demo.app */ = {isa = PBXFileReference; explicitFileType = wrapper.application; includeInIndex = 0; path = "Unit Testing Demo.app"; sourceTree = BUILT_PRODUCTS_DIR; };
		D7053DB02423E326002807CC /* AppDelegate.swift */ = {isa = PBXFileReference; lastKnownFileType = sourcecode.swift; path = AppDelegate.swift; sourceTree = "<group>"; };
		D7053DB42423E326002807CC /* ListViewController.swift */ = {isa = PBXFileReference; lastKnownFileType = sourcecode.swift; path = ListViewController.swift; sourceTree = "<group>"; };
		D7053DB72423E327002807CC /* Base */ = {isa = PBXFileReference; lastKnownFileType = file.storyboard; name = Base; path = Base.lproj/Main.storyboard; sourceTree = "<group>"; };
		D7053DB92423E328002807CC /* Assets.xcassets */ = {isa = PBXFileReference; lastKnownFileType = folder.assetcatalog; path = Assets.xcassets; sourceTree = "<group>"; };
		D7053DBC2423E328002807CC /* Base */ = {isa = PBXFileReference; lastKnownFileType = file.storyboard; name = Base; path = Base.lproj/LaunchScreen.storyboard; sourceTree = "<group>"; };
		D7053DBE2423E328002807CC /* Info.plist */ = {isa = PBXFileReference; lastKnownFileType = text.plist.xml; path = Info.plist; sourceTree = "<group>"; };
		D748E4762424644100B68598 /* DogNames.txt */ = {isa = PBXFileReference; fileEncoding = 4; lastKnownFileType = text; path = DogNames.txt; sourceTree = "<group>"; };
/* End PBXFileReference section */

/* Begin PBXFrameworksBuildPhase section */
		D7053DAA2423E326002807CC /* Frameworks */ = {
			isa = PBXFrameworksBuildPhase;
			buildActionMask = 2147483647;
			files = (
			);
			runOnlyForDeploymentPostprocessing = 0;
		};
/* End PBXFrameworksBuildPhase section */

/* Begin PBXGroup section */
		D7053DA42423E326002807CC = {
			isa = PBXGroup;
			children = (
				D7053DAF2423E326002807CC /* Unit Testing Demo */,
				D7053DAE2423E326002807CC /* Products */,
			);
			sourceTree = "<group>";
		};
		D7053DAE2423E326002807CC /* Products */ = {
			isa = PBXGroup;
			children = (
				D7053DAD2423E326002807CC /* Unit Testing Demo.app */,
			);
			name = Products;
			sourceTree = "<group>";
		};
		D7053DAF2423E326002807CC /* Unit Testing Demo */ = {
			isa = PBXGroup;
			children = (
				D7053DB02423E326002807CC /* AppDelegate.swift */,
				D7053DB42423E326002807CC /* ListViewController.swift */,
				D7053DB62423E327002807CC /* Main.storyboard */,
				D7053DB92423E328002807CC /* Assets.xcassets */,
				D7053DBB2423E328002807CC /* LaunchScreen.storyboard */,
				D7053DBE2423E328002807CC /* Info.plist */,
				D748E4762424644100B68598 /* DogNames.txt */,
			);
			path = "Unit Testing Demo";
			sourceTree = "<group>";
		};
/* End PBXGroup section */

/* Begin PBXNativeTarget section */
		D7053DAC2423E326002807CC /* Unit Testing Demo */ = {
			isa = PBXNativeTarget;
			buildConfigurationList = D7053DC12423E328002807CC /* Build configuration list for PBXNativeTarget "Unit Testing Demo" */;
			buildPhases = (
				D7053DA92423E326002807CC /* Sources */,
				D7053DAA2423E326002807CC /* Frameworks */,
				D7053DAB2423E326002807CC /* Resources */,
			);
			buildRules = (
			);
			dependencies = (
			);
			name = "Unit Testing Demo";
			productName = "Unit Testing Demo";
			productReference = D7053DAD2423E326002807CC /* Unit Testing Demo.app */;
			productType = "com.apple.product-type.application";
		};
/* End PBXNativeTarget section */

/* Begin PBXProject section */
		D7053DA52423E326002807CC /* Project object */ = {
			isa = PBXProject;
			attributes = {
				LastSwiftUpdateCheck = 1130;
				LastUpgradeCheck = 1130;
				ORGANIZATIONNAME = CapTech;
				TargetAttributes = {
					D7053DAC2423E326002807CC = {
						CreatedOnToolsVersion = 11.3.1;
					};
				};
			};
			buildConfigurationList = D7053DA82423E326002807CC /* Build configuration list for PBXProject "Unit Testing Demo" */;
			compatibilityVersion = "Xcode 9.3";
			developmentRegion = en;
			hasScannedForEncodings = 0;
			knownRegions = (
				en,
				Base,
			);
			mainGroup = D7053DA42423E326002807CC;
			productRefGroup = D7053DAE2423E326002807CC /* Products */;
			projectDirPath = "";
			projectRoot = "";
			targets = (
				D7053DAC2423E326002807CC /* Unit Testing Demo */,
			);
		};
/* End PBXProject section */

/* Begin PBXResourcesBuildPhase section */
		D7053DAB2423E326002807CC /* Resources */ = {
			isa = PBXResourcesBuildPhase;
			buildActionMask = 2147483647;
			files = (
				D748E4772424644100B68598 /* DogNames.txt in Resources */,
				D7053DBD2423E328002807CC /* LaunchScreen.storyboard in Resources */,
				D7053DBA2423E328002807CC /* Assets.xcassets in Resources */,
				D7053DB82423E327002807CC /* Main.storyboard in Resources */,
			);
			runOnlyForDeploymentPostprocessing = 0;
		};
/* End PBXResourcesBuildPhase section */

/* Begin PBXSourcesBuildPhase section */
		D7053DA92423E326002807CC /* Sources */ = {
			isa = PBXSourcesBuildPhase;
			buildActionMask = 2147483647;
			files = (
				D7053DB52423E326002807CC /* ListViewController.swift in Sources */,
				D7053DB12423E326002807CC /* AppDelegate.swift in Sources */,
			);
			runOnlyForDeploymentPostprocessing = 0;
		};
/* End PBXSourcesBuildPhase section */

/* Begin PBXVariantGroup section */
		D7053DB62423E327002807CC /* Main.storyboard */ = {
			isa = PBXVariantGroup;
			children = (
				D7053DB72423E327002807CC /* Base */,
			);
			name = Main.storyboard;
			sourceTree = "<group>";
		};
		D7053DBB2423E328002807CC /* LaunchScreen.storyboard */ = {
			isa = PBXVariantGroup;
			children = (
				D7053DBC2423E328002807CC /* Base */,
			);
			name = LaunchScreen.storyboard;
			sourceTree = "<group>";
		};
/* End PBXVariantGroup section */

/* Begin XCBuildConfiguration section */
		D7053DBF2423E328002807CC /* Debug */ = {
			isa = XCBuildConfiguration;
			buildSettings = {
				ALWAYS_SEARCH_USER_PATHS = NO;
				CLANG_ANALYZER_NONNULL = YES;
				CLANG_ANALYZER_NUMBER_OBJECT_CONVERSION = YES_AGGRESSIVE;
				CLANG_CXX_LANGUAGE_STANDARD = "gnu++14";
				CLANG_CXX_LIBRARY = "libc++";
				CLANG_ENABLE_MODULES = YES;
				CLANG_ENABLE_OBJC_ARC = YES;
				CLANG_ENABLE_OBJC_WEAK = YES;
				CLANG_WARN_BLOCK_CAPTURE_AUTORELEASING = YES;
				CLANG_WARN_BOOL_CONVERSION = YES;
				CLANG_WARN_COMMA = YES;
				CLANG_WARN_CONSTANT_CONVERSION = YES;
				CLANG_WARN_DEPRECATED_OBJC_IMPLEMENTATIONS = YES;
				CLANG_WARN_DIRECT_OBJC_ISA_USAGE = YES_ERROR;
				CLANG_WARN_DOCUMENTATION_COMMENTS = YES;
				CLANG_WARN_EMPTY_BODY = YES;
				CLANG_WARN_ENUM_CONVERSION = YES;
				CLANG_WARN_INFINITE_RECURSION = YES;
				CLANG_WARN_INT_CONVERSION = YES;
				CLANG_WARN_NON_LITERAL_NULL_CONVERSION = YES;
				CLANG_WARN_OBJC_IMPLICIT_RETAIN_SELF = YES;
				CLANG_WARN_OBJC_LITERAL_CONVERSION = YES;
				CLANG_WARN_OBJC_ROOT_CLASS = YES_ERROR;
				CLANG_WARN_RANGE_LOOP_ANALYSIS = YES;
				CLANG_WARN_STRICT_PROTOTYPES = YES;
				CLANG_WARN_SUSPICIOUS_MOVE = YES;
				CLANG_WARN_UNGUARDED_AVAILABILITY = YES_AGGRESSIVE;
				CLANG_WARN_UNREACHABLE_CODE = YES;
				CLANG_WARN__DUPLICATE_METHOD_MATCH = YES;
				COPY_PHASE_STRIP = NO;
				DEBUG_INFORMATION_FORMAT = dwarf;
				ENABLE_STRICT_OBJC_MSGSEND = YES;
				ENABLE_TESTABILITY = YES;
				GCC_C_LANGUAGE_STANDARD = gnu11;
				GCC_DYNAMIC_NO_PIC = NO;
				GCC_NO_COMMON_BLOCKS = YES;
				GCC_OPTIMIZATION_LEVEL = 0;
				GCC_PREPROCESSOR_DEFINITIONS = (
					"DEBUG=1",
					"$(inherited)",
				);
				GCC_WARN_64_TO_32_BIT_CONVERSION = YES;
				GCC_WARN_ABOUT_RETURN_TYPE = YES_ERROR;
				GCC_WARN_UNDECLARED_SELECTOR = YES;
				GCC_WARN_UNINITIALIZED_AUTOS = YES_AGGRESSIVE;
				GCC_WARN_UNUSED_FUNCTION = YES;
				GCC_WARN_UNUSED_VARIABLE = YES;
				IPHONEOS_DEPLOYMENT_TARGET = 13.2;
				MTL_ENABLE_DEBUG_INFO = INCLUDE_SOURCE;
				MTL_FAST_MATH = YES;
				ONLY_ACTIVE_ARCH = YES;
				SDKROOT = iphoneos;
				SWIFT_ACTIVE_COMPILATION_CONDITIONS = DEBUG;
				SWIFT_OPTIMIZATION_LEVEL = "-Onone";
			};
			name = Debug;
		};
		D7053DC02423E328002807CC /* Release */ = {
			isa = XCBuildConfiguration;
			buildSettings = {
				ALWAYS_SEARCH_USER_PATHS = NO;
				CLANG_ANALYZER_NONNULL = YES;
				CLANG_ANALYZER_NUMBER_OBJECT_CONVERSION = YES_AGGRESSIVE;
				CLANG_CXX_LANGUAGE_STANDARD = "gnu++14";
				CLANG_CXX_LIBRARY = "libc++";
				CLANG_ENABLE_MODULES = YES;
				CLANG_ENABLE_OBJC_ARC = YES;
				CLANG_ENABLE_OBJC_WEAK = YES;
				CLANG_WARN_BLOCK_CAPTURE_AUTORELEASING = YES;
				CLANG_WARN_BOOL_CONVERSION = YES;
				CLANG_WARN_COMMA = YES;
				CLANG_WARN_CONSTANT_CONVERSION = YES;
				CLANG_WARN_DEPRECATED_OBJC_IMPLEMENTATIONS = YES;
				CLANG_WARN_DIRECT_OBJC_ISA_USAGE = YES_ERROR;
				CLANG_WARN_DOCUMENTATION_COMMENTS = YES;
				CLANG_WARN_EMPTY_BODY = YES;
				CLANG_WARN_ENUM_CONVERSION = YES;
				CLANG_WARN_INFINITE_RECURSION = YES;
				CLANG_WARN_INT_CONVERSION = YES;
				CLANG_WARN_NON_LITERAL_NULL_CONVERSION = YES;
				CLANG_WARN_OBJC_IMPLICIT_RETAIN_SELF = YES;
				CLANG_WARN_OBJC_LITERAL_CONVERSION = YES;
				CLANG_WARN_OBJC_ROOT_CLASS = YES_ERROR;
				CLANG_WARN_RANGE_LOOP_ANALYSIS = YES;
				CLANG_WARN_STRICT_PROTOTYPES = YES;
				CLANG_WARN_SUSPICIOUS_MOVE = YES;
				CLANG_WARN_UNGUARDED_AVAILABILITY = YES_AGGRESSIVE;
				CLANG_WARN_UNREACHABLE_CODE = YES;
				CLANG_WARN__DUPLICATE_METHOD_MATCH = YES;
				COPY_PHASE_STRIP = NO;
				DEBUG_INFORMATION_FORMAT = "dwarf-with-dsym";
				ENABLE_NS_ASSERTIONS = NO;
				ENABLE_STRICT_OBJC_MSGSEND = YES;
				GCC_C_LANGUAGE_STANDARD = gnu11;
				GCC_NO_COMMON_BLOCKS = YES;
				GCC_WARN_64_TO_32_BIT_CONVERSION = YES;
				GCC_WARN_ABOUT_RETURN_TYPE = YES_ERROR;
				GCC_WARN_UNDECLARED_SELECTOR = YES;
				GCC_WARN_UNINITIALIZED_AUTOS = YES_AGGRESSIVE;
				GCC_WARN_UNUSED_FUNCTION = YES;
				GCC_WARN_UNUSED_VARIABLE = YES;
				IPHONEOS_DEPLOYMENT_TARGET = 13.2;
				MTL_ENABLE_DEBUG_INFO = NO;
				MTL_FAST_MATH = YES;
				SDKROOT = iphoneos;
				SWIFT_COMPILATION_MODE = wholemodule;
				SWIFT_OPTIMIZATION_LEVEL = "-O";
				VALIDATE_PRODUCT = YES;
			};
			name = Release;
		};
		D7053DC22423E328002807CC /* Debug */ = {
			isa = XCBuildConfiguration;
			buildSettings = {
				ASSETCATALOG_COMPILER_APPICON_NAME = AppIcon;
				CODE_SIGN_STYLE = Automatic;
				DEVELOPMENT_TEAM = 4LT584FP9D;
				INFOPLIST_FILE = "Unit Testing Demo/Info.plist";
				LD_RUNPATH_SEARCH_PATHS = (
					"$(inherited)",
					"@executable_path/Frameworks",
				);
				PRODUCT_BUNDLE_IDENTIFIER = "com.captech.rickymunz.Unit-Testing-Demo";
				PRODUCT_NAME = "$(TARGET_NAME)";
				SWIFT_VERSION = 5.0;
				TARGETED_DEVICE_FAMILY = "1,2";
			};
			name = Debug;
		};
		D7053DC32423E328002807CC /* Release */ = {
			isa = XCBuildConfiguration;
			buildSettings = {
				ASSETCATALOG_COMPILER_APPICON_NAME = AppIcon;
				CODE_SIGN_STYLE = Automatic;
				DEVELOPMENT_TEAM = 4LT584FP9D;
				INFOPLIST_FILE = "Unit Testing Demo/Info.plist";
				LD_RUNPATH_SEARCH_PATHS = (
					"$(inherited)",
					"@executable_path/Frameworks",
				);
				PRODUCT_BUNDLE_IDENTIFIER = "com.captech.rickymunz.Unit-Testing-Demo";
				PRODUCT_NAME = "$(TARGET_NAME)";
				SWIFT_VERSION = 5.0;
				TARGETED_DEVICE_FAMILY = "1,2";
			};
			name = Release;
		};
/* End XCBuildConfiguration section */

/* Begin XCConfigurationList section */
		D7053DA82423E326002807CC /* Build configuration list for PBXProject "Unit Testing Demo" */ = {
			isa = XCConfigurationList;
			buildConfigurations = (
				D7053DBF2423E328002807CC /* Debug */,
				D7053DC02423E328002807CC /* Release */,
			);
			defaultConfigurationIsVisible = 0;
			defaultConfigurationName = Release;
		};
		D7053DC12423E328002807CC /* Build configuration list for PBXNativeTarget "Unit Testing Demo" */ = {
			isa = XCConfigurationList;
			buildConfigurations = (
				D7053DC22423E328002807CC /* Debug */,
				D7053DC32423E328002807CC /* Release */,
			);
			defaultConfigurationIsVisible = 0;
			defaultConfigurationName = Release;
		};
/* End XCConfigurationList section */
	};
	rootObject = D7053DA52423E326002807CC /* Project object */;
}
